
Microsoft Visual Studio Solution File, Format Version 12.00
# Visual Studio Version 17
VisualStudioVersion = 17.5.002.0
MinimumVisualStudioVersion = 10.0.40219.1
Project("{2150E333-8FDC-42A3-9474-1A3956D46DE8}") = "prepare", "prepare", "{69D3BB34-F002-411E-AB4D-E5D518CD5FFF}"
EndProject
Project("{9A19103F-16F7-4668-BE54-9A1E7A4F7556}") = "Learning02", "prepare\Learning02\Learning02.csproj", "{62558A35-159A-47D1-8251-F397B668EA2F}"
EndProject
Project("{9A19103F-16F7-4668-BE54-9A1E7A4F7556}") = "Learning05", "prepare\Learning05\Learning05.csproj", "{A3232B99-3D09-4196-9ED0-A829A4977F04}"
EndProject
Project("{9A19103F-16F7-4668-BE54-9A1E7A4F7556}") = "Learning04", "prepare\Learning04\Learning04.csproj", "{B0D116EA-3371-4270-968F-A1545F29FA01}"
EndProject
Project("{9A19103F-16F7-4668-BE54-9A1E7A4F7556}") = "Learning03", "prepare\Learning03\Learning03.csproj", "{92CA3D00-398F-4642-A8D7-5E479E2888B3}"
EndProject
Project("{2150E333-8FDC-42A3-9474-1A3956D46DE8}") = "prove", "prove", "{117153A8-873A-439D-97E9-1B36768152F6}"
EndProject
Project("{9A19103F-16F7-4668-BE54-9A1E7A4F7556}") = "Develop03", "prove\Develop03\Develop03.csproj", "{88CF90E2-2BAC-4C44-A8C6-0EA9B21E8A61}"
EndProject
Project("{9A19103F-16F7-4668-BE54-9A1E7A4F7556}") = "Develop04", "prove\Develop04\Develop04.csproj", "{94F19911-6FBA-4C2D-98A3-A7C7047ED130}"
EndProject
Project("{9A19103F-16F7-4668-BE54-9A1E7A4F7556}") = "Develop05", "prove\Develop05\Develop05.csproj", "{5BFFB762-8968-4417-96D8-12F0055D8044}"
EndProject
Project("{9A19103F-16F7-4668-BE54-9A1E7A4F7556}") = "Develop02", "prove\Develop02\Develop02.csproj", "{DAA06B35-5EF4-487E-89CA-D8AEB855A876}"
EndProject
Project("{2150E333-8FDC-42A3-9474-1A3956D46DE8}") = "sandbox", "sandbox", "{209B7685-C7DF-4553-84B4-376660064825}"
EndProject
Project("{9A19103F-16F7-4668-BE54-9A1E7A4F7556}") = "Sandbox", "sandbox\Sandbox\Sandbox.csproj", "{7C34EDC5-AF9A-4114-ABF9-7A59E8A7B40C}"
EndProject
Project("{2150E333-8FDC-42A3-9474-1A3956D46DE8}") = "final", "final", "{78432493-75AA-4D58-BB89-AFC9967478BE}"
EndProject
Project("{9A19103F-16F7-4668-BE54-9A1E7A4F7556}") = "FinalProject", "final\FinalProject\FinalProject.csproj", "{F37A521C-817E-4012-8C0D-9C66FDE9B48C}"
EndProject
Project("{9A19103F-16F7-4668-BE54-9A1E7A4F7556}") = "Foundation1", "final\Foundation1\Foundation1.csproj", "{EF5722F4-7CCF-4DC7-9A09-31BA1CA3BB17}"
EndProject
Project("{9A19103F-16F7-4668-BE54-9A1E7A4F7556}") = "Foundation4", "final\Foundation4\Foundation4.csproj", "{E1CE0FCC-A3AA-4748-8433-841DFEE8FD12}"
EndProject
Project("{9A19103F-16F7-4668-BE54-9A1E7A4F7556}") = "Foundation3", "final\Foundation3\Foundation3.csproj", "{C2BD45E6-682B-4B13-B744-E03C1C1AF789}"
EndProject
Project("{9A19103F-16F7-4668-BE54-9A1E7A4F7556}") = "Foundation2", "final\Foundation2\Foundation2.csproj", "{21620C23-EBD2-44BE-9A7F-100730BF731C}"
EndProject
Project("{2150E333-8FDC-42A3-9474-1A3956D46DE8}") = "csharp-prep", "csharp-prep", "{12E64EB8-15B0-4928-A2ED-18600FBBFA6E}"
EndProject
Project("{9A19103F-16F7-4668-BE54-9A1E7A4F7556}") = "Prep1", "csharp-prep\Prep1\Prep1.csproj", "{DCA5EA63-EBCB-40F3-8792-E7117F912B95}"
EndProject
Project("{9A19103F-16F7-4668-BE54-9A1E7A4F7556}") = "Prep5", "csharp-prep\Prep5\Prep5.csproj", "{C6DC2782-C912-436A-B5D3-E5A96EC93EBD}"
EndProject
Project("{9A19103F-16F7-4668-BE54-9A1E7A4F7556}") = "Prep2", "csharp-prep\Prep2\Prep2.csproj", "{0091B902-955E-4A85-9225-337D9DA25564}"
EndProject
Project("{9A19103F-16F7-4668-BE54-9A1E7A4F7556}") = "Prep3", "csharp-prep\Prep3\Prep3.csproj", "{85B40714-2DF6-4ADE-AFAE-11A244301FE2}"
EndProject
Project("{9A19103F-16F7-4668-BE54-9A1E7A4F7556}") = "Prep4", "csharp-prep\Prep4\Prep4.csproj", "{43763C82-F0EF-4383-A4AE-95D8370B1401}"
EndProject
Global
	GlobalSection(SolutionConfigurationPlatforms) = preSolution
		Debug|Any CPU = Debug|Any CPU
		Release|Any CPU = Release|Any CPU
	EndGlobalSection
	GlobalSection(ProjectConfigurationPlatforms) = postSolution
		{62558A35-159A-47D1-8251-F397B668EA2F}.Debug|Any CPU.ActiveCfg = Debug|Any CPU
		{62558A35-159A-47D1-8251-F397B668EA2F}.Debug|Any CPU.Build.0 = Debug|Any CPU
		{62558A35-159A-47D1-8251-F397B668EA2F}.Release|Any CPU.ActiveCfg = Release|Any CPU
		{62558A35-159A-47D1-8251-F397B668EA2F}.Release|Any CPU.Build.0 = Release|Any CPU
		{A3232B99-3D09-4196-9ED0-A829A4977F04}.Debug|Any CPU.ActiveCfg = Debug|Any CPU
		{A3232B99-3D09-4196-9ED0-A829A4977F04}.Debug|Any CPU.Build.0 = Debug|Any CPU
		{A3232B99-3D09-4196-9ED0-A829A4977F04}.Release|Any CPU.ActiveCfg = Release|Any CPU
		{A3232B99-3D09-4196-9ED0-A829A4977F04}.Release|Any CPU.Build.0 = Release|Any CPU
		{B0D116EA-3371-4270-968F-A1545F29FA01}.Debug|Any CPU.ActiveCfg = Debug|Any CPU
		{B0D116EA-3371-4270-968F-A1545F29FA01}.Debug|Any CPU.Build.0 = Debug|Any CPU
		{B0D116EA-3371-4270-968F-A1545F29FA01}.Release|Any CPU.ActiveCfg = Release|Any CPU
		{B0D116EA-3371-4270-968F-A1545F29FA01}.Release|Any CPU.Build.0 = Release|Any CPU
		{92CA3D00-398F-4642-A8D7-5E479E2888B3}.Debug|Any CPU.ActiveCfg = Debug|Any CPU
		{92CA3D00-398F-4642-A8D7-5E479E2888B3}.Debug|Any CPU.Build.0 = Debug|Any CPU
		{92CA3D00-398F-4642-A8D7-5E479E2888B3}.Release|Any CPU.ActiveCfg = Release|Any CPU
		{92CA3D00-398F-4642-A8D7-5E479E2888B3}.Release|Any CPU.Build.0 = Release|Any CPU
		{88CF90E2-2BAC-4C44-A8C6-0EA9B21E8A61}.Debug|Any CPU.ActiveCfg = Debug|Any CPU
		{88CF90E2-2BAC-4C44-A8C6-0EA9B21E8A61}.Debug|Any CPU.Build.0 = Debug|Any CPU
		{88CF90E2-2BAC-4C44-A8C6-0EA9B21E8A61}.Release|Any CPU.ActiveCfg = Release|Any CPU
		{88CF90E2-2BAC-4C44-A8C6-0EA9B21E8A61}.Release|Any CPU.Build.0 = Release|Any CPU
		{94F19911-6FBA-4C2D-98A3-A7C7047ED130}.Debug|Any CPU.ActiveCfg = Debug|Any CPU
		{94F19911-6FBA-4C2D-98A3-A7C7047ED130}.Debug|Any CPU.Build.0 = Debug|Any CPU
		{94F19911-6FBA-4C2D-98A3-A7C7047ED130}.Release|Any CPU.ActiveCfg = Release|Any CPU
		{94F19911-6FBA-4C2D-98A3-A7C7047ED130}.Release|Any CPU.Build.0 = Release|Any CPU
		{5BFFB762-8968-4417-96D8-12F0055D8044}.Debug|Any CPU.ActiveCfg = Debug|Any CPU
		{5BFFB762-8968-4417-96D8-12F0055D8044}.Debug|Any CPU.Build.0 = Debug|Any CPU
		{5BFFB762-8968-4417-96D8-12F0055D8044}.Release|Any CPU.ActiveCfg = Release|Any CPU
		{5BFFB762-8968-4417-96D8-12F0055D8044}.Release|Any CPU.Build.0 = Release|Any CPU
		{DAA06B35-5EF4-487E-89CA-D8AEB855A876}.Debug|Any CPU.ActiveCfg = Debug|Any CPU
		{DAA06B35-5EF4-487E-89CA-D8AEB855A876}.Debug|Any CPU.Build.0 = Debug|Any CPU
		{DAA06B35-5EF4-487E-89CA-D8AEB855A876}.Release|Any CPU.ActiveCfg = Release|Any CPU
		{DAA06B35-5EF4-487E-89CA-D8AEB855A876}.Release|Any CPU.Build.0 = Release|Any CPU
		{7C34EDC5-AF9A-4114-ABF9-7A59E8A7B40C}.Debug|Any CPU.ActiveCfg = Debug|Any CPU
		{7C34EDC5-AF9A-4114-ABF9-7A59E8A7B40C}.Debug|Any CPU.Build.0 = Debug|Any CPU
		{7C34EDC5-AF9A-4114-ABF9-7A59E8A7B40C}.Release|Any CPU.ActiveCfg = Release|Any CPU
		{7C34EDC5-AF9A-4114-ABF9-7A59E8A7B40C}.Release|Any CPU.Build.0 = Release|Any CPU
		{F37A521C-817E-4012-8C0D-9C66FDE9B48C}.Debug|Any CPU.ActiveCfg = Debug|Any CPU
		{F37A521C-817E-4012-8C0D-9C66FDE9B48C}.Debug|Any CPU.Build.0 = Debug|Any CPU
		{F37A521C-817E-4012-8C0D-9C66FDE9B48C}.Release|Any CPU.ActiveCfg = Release|Any CPU
		{F37A521C-817E-4012-8C0D-9C66FDE9B48C}.Release|Any CPU.Build.0 = Release|Any CPU
		{EF5722F4-7CCF-4DC7-9A09-31BA1CA3BB17}.Debug|Any CPU.ActiveCfg = Debug|Any CPU
		{EF5722F4-7CCF-4DC7-9A09-31BA1CA3BB17}.Debug|Any CPU.Build.0 = Debug|Any CPU
		{EF5722F4-7CCF-4DC7-9A09-31BA1CA3BB17}.Release|Any CPU.ActiveCfg = Release|Any CPU
		{EF5722F4-7CCF-4DC7-9A09-31BA1CA3BB17}.Release|Any CPU.Build.0 = Release|Any CPU
		{E1CE0FCC-A3AA-4748-8433-841DFEE8FD12}.Debug|Any CPU.ActiveCfg = Debug|Any CPU
		{E1CE0FCC-A3AA-4748-8433-841DFEE8FD12}.Debug|Any CPU.Build.0 = Debug|Any CPU
		{E1CE0FCC-A3AA-4748-8433-841DFEE8FD12}.Release|Any CPU.ActiveCfg = Release|Any CPU
		{E1CE0FCC-A3AA-4748-8433-841DFEE8FD12}.Release|Any CPU.Build.0 = Release|Any CPU
		{C2BD45E6-682B-4B13-B744-E03C1C1AF789}.Debug|Any CPU.ActiveCfg = Debug|Any CPU
		{C2BD45E6-682B-4B13-B744-E03C1C1AF789}.Debug|Any CPU.Build.0 = Debug|Any CPU
		{C2BD45E6-682B-4B13-B744-E03C1C1AF789}.Release|Any CPU.ActiveCfg = Release|Any CPU
		{C2BD45E6-682B-4B13-B744-E03C1C1AF789}.Release|Any CPU.Build.0 = Release|Any CPU
		{21620C23-EBD2-44BE-9A7F-100730BF731C}.Debug|Any CPU.ActiveCfg = Debug|Any CPU
		{21620C23-EBD2-44BE-9A7F-100730BF731C}.Debug|Any CPU.Build.0 = Debug|Any CPU
		{21620C23-EBD2-44BE-9A7F-100730BF731C}.Release|Any CPU.ActiveCfg = Release|Any CPU
		{21620C23-EBD2-44BE-9A7F-100730BF731C}.Release|Any CPU.Build.0 = Release|Any CPU
		{DCA5EA63-EBCB-40F3-8792-E7117F912B95}.Debug|Any CPU.ActiveCfg = Debug|Any CPU
		{DCA5EA63-EBCB-40F3-8792-E7117F912B95}.Debug|Any CPU.Build.0 = Debug|Any CPU
		{DCA5EA63-EBCB-40F3-8792-E7117F912B95}.Release|Any CPU.ActiveCfg = Release|Any CPU
		{DCA5EA63-EBCB-40F3-8792-E7117F912B95}.Release|Any CPU.Build.0 = Release|Any CPU
		{C6DC2782-C912-436A-B5D3-E5A96EC93EBD}.Debug|Any CPU.ActiveCfg = Debug|Any CPU
		{C6DC2782-C912-436A-B5D3-E5A96EC93EBD}.Debug|Any CPU.Build.0 = Debug|Any CPU
		{C6DC2782-C912-436A-B5D3-E5A96EC93EBD}.Release|Any CPU.ActiveCfg = Release|Any CPU
		{C6DC2782-C912-436A-B5D3-E5A96EC93EBD}.Release|Any CPU.Build.0 = Release|Any CPU
		{0091B902-955E-4A85-9225-337D9DA25564}.Debug|Any CPU.ActiveCfg = Debug|Any CPU
		{0091B902-955E-4A85-9225-337D9DA25564}.Debug|Any CPU.Build.0 = Debug|Any CPU
		{0091B902-955E-4A85-9225-337D9DA25564}.Release|Any CPU.ActiveCfg = Release|Any CPU
		{0091B902-955E-4A85-9225-337D9DA25564}.Release|Any CPU.Build.0 = Release|Any CPU
		{85B40714-2DF6-4ADE-AFAE-11A244301FE2}.Debug|Any CPU.ActiveCfg = Debug|Any CPU
		{85B40714-2DF6-4ADE-AFAE-11A244301FE2}.Debug|Any CPU.Build.0 = Debug|Any CPU
		{85B40714-2DF6-4ADE-AFAE-11A244301FE2}.Release|Any CPU.ActiveCfg = Release|Any CPU
		{85B40714-2DF6-4ADE-AFAE-11A244301FE2}.Release|Any CPU.Build.0 = Release|Any CPU
		{43763C82-F0EF-4383-A4AE-95D8370B1401}.Debug|Any CPU.ActiveCfg = Debug|Any CPU
		{43763C82-F0EF-4383-A4AE-95D8370B1401}.Debug|Any CPU.Build.0 = Debug|Any CPU
		{43763C82-F0EF-4383-A4AE-95D8370B1401}.Release|Any CPU.ActiveCfg = Release|Any CPU
		{43763C82-F0EF-4383-A4AE-95D8370B1401}.Release|Any CPU.Build.0 = Release|Any CPU
	EndGlobalSection
	GlobalSection(SolutionProperties) = preSolution
		HideSolutionNode = FALSE
	EndGlobalSection
	GlobalSection(NestedProjects) = preSolution
		{62558A35-159A-47D1-8251-F397B668EA2F} = {69D3BB34-F002-411E-AB4D-E5D518CD5FFF}
		{A3232B99-3D09-4196-9ED0-A829A4977F04} = {69D3BB34-F002-411E-AB4D-E5D518CD5FFF}
		{B0D116EA-3371-4270-968F-A1545F29FA01} = {69D3BB34-F002-411E-AB4D-E5D518CD5FFF}
		{92CA3D00-398F-4642-A8D7-5E479E2888B3} = {69D3BB34-F002-411E-AB4D-E5D518CD5FFF}
		{88CF90E2-2BAC-4C44-A8C6-0EA9B21E8A61} = {117153A8-873A-439D-97E9-1B36768152F6}
		{94F19911-6FBA-4C2D-98A3-A7C7047ED130} = {117153A8-873A-439D-97E9-1B36768152F6}
		{5BFFB762-8968-4417-96D8-12F0055D8044} = {117153A8-873A-439D-97E9-1B36768152F6}
		{DAA06B35-5EF4-487E-89CA-D8AEB855A876} = {117153A8-873A-439D-97E9-1B36768152F6}
		{7C34EDC5-AF9A-4114-ABF9-7A59E8A7B40C} = {209B7685-C7DF-4553-84B4-376660064825}
		{F37A521C-817E-4012-8C0D-9C66FDE9B48C} = {78432493-75AA-4D58-BB89-AFC9967478BE}
		{EF5722F4-7CCF-4DC7-9A09-31BA1CA3BB17} = {78432493-75AA-4D58-BB89-AFC9967478BE}
		{E1CE0FCC-A3AA-4748-8433-841DFEE8FD12} = {78432493-75AA-4D58-BB89-AFC9967478BE}
		{C2BD45E6-682B-4B13-B744-E03C1C1AF789} = {78432493-75AA-4D58-BB89-AFC9967478BE}
		{21620C23-EBD2-44BE-9A7F-100730BF731C} = {78432493-75AA-4D58-BB89-AFC9967478BE}
		{DCA5EA63-EBCB-40F3-8792-E7117F912B95} = {12E64EB8-15B0-4928-A2ED-18600FBBFA6E}
		{C6DC2782-C912-436A-B5D3-E5A96EC93EBD} = {12E64EB8-15B0-4928-A2ED-18600FBBFA6E}
		{0091B902-955E-4A85-9225-337D9DA25564} = {12E64EB8-15B0-4928-A2ED-18600FBBFA6E}
		{85B40714-2DF6-4ADE-AFAE-11A244301FE2} = {12E64EB8-15B0-4928-A2ED-18600FBBFA6E}
		{43763C82-F0EF-4383-A4AE-95D8370B1401} = {12E64EB8-15B0-4928-A2ED-18600FBBFA6E}
	EndGlobalSection
	GlobalSection(ExtensibilityGlobals) = postSolution
		SolutionGuid = {F929FB47-B603-412B-BF84-3B2DA38A2A9A}
	EndGlobalSection
EndGlobal
